
Microsoft Visual Studio Solution File, Format Version 12.00
# Visual Studio Version 17
VisualStudioVersion = 17.9.34723.18
MinimumVisualStudioVersion = 10.0.40219.1
Project("{2150E333-8FDC-42A3-9474-1A3956D46DE8}") = "Services", "Services", "{C185D41A-6DD9-4105-9D6A-D6ADF8EED117}"
EndProject
Project("{2150E333-8FDC-42A3-9474-1A3956D46DE8}") = "DemoTodo", "DemoTodo", "{BC5AA4B5-0580-4BE3-B92B-C7D0C7030FB9}"
EndProject
Project("{9A19103F-16F7-4668-BE54-9A1E7A4F7556}") = "Todo.API", "Services\DemoTodo\Todo.API\Todo.API.csproj", "{13A8068B-6E1F-48AC-A0F6-AC7909EC58C0}"
EndProject
Project("{2150E333-8FDC-42A3-9474-1A3956D46DE8}") = "Common", "Common", "{0D98C689-FC5B-40D7-A8CA-9D87C8349848}"
EndProject
Project("{9A19103F-16F7-4668-BE54-9A1E7A4F7556}") = "Common", "Common\Common\Common.csproj", "{17A951F9-7351-43AA-842B-DCAD226CE2FF}"
EndProject
Global
	GlobalSection(SolutionConfigurationPlatforms) = preSolution
		Debug|Any CPU = Debug|Any CPU
		Release|Any CPU = Release|Any CPU
	EndGlobalSection
	GlobalSection(ProjectConfigurationPlatforms) = postSolution
		{13A8068B-6E1F-48AC-A0F6-AC7909EC58C0}.Debug|Any CPU.ActiveCfg = Debug|Any CPU
		{13A8068B-6E1F-48AC-A0F6-AC7909EC58C0}.Debug|Any CPU.Build.0 = Debug|Any CPU
		{13A8068B-6E1F-48AC-A0F6-AC7909EC58C0}.Release|Any CPU.ActiveCfg = Release|Any CPU
		{13A8068B-6E1F-48AC-A0F6-AC7909EC58C0}.Release|Any CPU.Build.0 = Release|Any CPU
		{17A951F9-7351-43AA-842B-DCAD226CE2FF}.Debug|Any CPU.ActiveCfg = Debug|Any CPU
		{17A951F9-7351-43AA-842B-DCAD226CE2FF}.Debug|Any CPU.Build.0 = Debug|Any CPU
		{17A951F9-7351-43AA-842B-DCAD226CE2FF}.Release|Any CPU.ActiveCfg = Release|Any CPU
		{17A951F9-7351-43AA-842B-DCAD226CE2FF}.Release|Any CPU.Build.0 = Release|Any CPU
	EndGlobalSection
	GlobalSection(SolutionProperties) = preSolution
		HideSolutionNode = FALSE
	EndGlobalSection
	GlobalSection(NestedProjects) = preSolution
		{BC5AA4B5-0580-4BE3-B92B-C7D0C7030FB9} = {C185D41A-6DD9-4105-9D6A-D6ADF8EED117}
		{13A8068B-6E1F-48AC-A0F6-AC7909EC58C0} = {BC5AA4B5-0580-4BE3-B92B-C7D0C7030FB9}
		{17A951F9-7351-43AA-842B-DCAD226CE2FF} = {0D98C689-FC5B-40D7-A8CA-9D87C8349848}
	EndGlobalSection
	GlobalSection(ExtensibilityGlobals) = postSolution
		SolutionGuid = {47B68365-6F9C-4067-BFA6-2122FD9B91DB}
	EndGlobalSection
EndGlobal
